
Microsoft Visual Studio Solution File, Format Version 12.00
# Visual Studio Version 17
VisualStudioVersion = 17.0.32014.148
MinimumVisualStudioVersion = 10.0.40219.1
Project("{FAE04EC0-301F-11D3-BF4B-00C04F79EFBC}") = "GenericsHomework", "GenericsHomework\GenericsHomework.csproj", "{C259D269-66C2-4FCB-BC4E-FF5B2D85B1D7}"
EndProject
Project("{FAE04EC0-301F-11D3-BF4B-00C04F79EFBC}") = "GenericsHomeworkTests", "GenericsHomeworkTests\GenericsHomeworkTests.csproj", "{5025695D-1A64-400F-BA00-6D75CEA61CCF}"
EndProject
Global
	GlobalSection(SolutionConfigurationPlatforms) = preSolution
		Debug|Any CPU = Debug|Any CPU
		Release|Any CPU = Release|Any CPU
	EndGlobalSection
	GlobalSection(ProjectConfigurationPlatforms) = postSolution
		{C259D269-66C2-4FCB-BC4E-FF5B2D85B1D7}.Debug|Any CPU.ActiveCfg = Debug|Any CPU
		{C259D269-66C2-4FCB-BC4E-FF5B2D85B1D7}.Debug|Any CPU.Build.0 = Debug|Any CPU
		{C259D269-66C2-4FCB-BC4E-FF5B2D85B1D7}.Release|Any CPU.ActiveCfg = Release|Any CPU
		{C259D269-66C2-4FCB-BC4E-FF5B2D85B1D7}.Release|Any CPU.Build.0 = Release|Any CPU
		{5025695D-1A64-400F-BA00-6D75CEA61CCF}.Debug|Any CPU.ActiveCfg = Debug|Any CPU
		{5025695D-1A64-400F-BA00-6D75CEA61CCF}.Debug|Any CPU.Build.0 = Debug|Any CPU
		{5025695D-1A64-400F-BA00-6D75CEA61CCF}.Release|Any CPU.ActiveCfg = Release|Any CPU
		{5025695D-1A64-400F-BA00-6D75CEA61CCF}.Release|Any CPU.Build.0 = Release|Any CPU
	EndGlobalSection
	GlobalSection(SolutionProperties) = preSolution
		HideSolutionNode = FALSE
	EndGlobalSection
	GlobalSection(ExtensibilityGlobals) = postSolution
		SolutionGuid = {78FD2A8D-B960-40AE-998E-FE2D165A9CEE}
	EndGlobalSection
EndGlobal
